
Microsoft Visual Studio Solution File, Format Version 12.00
# Visual Studio 15
VisualStudioVersion = 15.0.28010.2050
MinimumVisualStudioVersion = 10.0.40219.1
Project("{FAE04EC0-301F-11D3-BF4B-00C04F79EFBC}") = "Opdracht_web_2.1", "Opdracht_web_2.1\Opdracht_web_2.1.csproj", "{F3F8D5F4-83DB-4C19-B87F-13677D330E07}"
EndProject
Global
	GlobalSection(SolutionConfigurationPlatforms) = preSolution
		Debug|Any CPU = Debug|Any CPU
		Release|Any CPU = Release|Any CPU
	EndGlobalSection
	GlobalSection(ProjectConfigurationPlatforms) = postSolution
		{F3F8D5F4-83DB-4C19-B87F-13677D330E07}.Debug|Any CPU.ActiveCfg = Debug|Any CPU
		{F3F8D5F4-83DB-4C19-B87F-13677D330E07}.Debug|Any CPU.Build.0 = Debug|Any CPU
		{F3F8D5F4-83DB-4C19-B87F-13677D330E07}.Release|Any CPU.ActiveCfg = Release|Any CPU
		{F3F8D5F4-83DB-4C19-B87F-13677D330E07}.Release|Any CPU.Build.0 = Release|Any CPU
	EndGlobalSection
	GlobalSection(SolutionProperties) = preSolution
		HideSolutionNode = FALSE
	EndGlobalSection
	GlobalSection(ExtensibilityGlobals) = postSolution
		SolutionGuid = {564C87E6-D880-43B8-9CD4-695835FFA4DD}
	EndGlobalSection
EndGlobal
